// !$*UTF8*$!
{
	archiveVersion = 1;
	classes = {
	};
	objectVersion = 56;
	objects = {

/* Begin PBXBuildFile section */
		5928D86229B90DCE002BFFB1 /* TestShopApp.swift in Sources */ = {isa = PBXBuildFile; fileRef = 5928D86129B90DCE002BFFB1 /* TestShopApp.swift */; };
		5928D86429B90DCE002BFFB1 /* ContentView.swift in Sources */ = {isa = PBXBuildFile; fileRef = 5928D86329B90DCE002BFFB1 /* ContentView.swift */; };
		5928D86629B90DD1002BFFB1 /* Assets.xcassets in Resources */ = {isa = PBXBuildFile; fileRef = 5928D86529B90DD1002BFFB1 /* Assets.xcassets */; };
		5928D86929B90DD1002BFFB1 /* Preview Assets.xcassets in Resources */ = {isa = PBXBuildFile; fileRef = 5928D86829B90DD1002BFFB1 /* Preview Assets.xcassets */; };
		5928D87329B90DD1002BFFB1 /* TestShopTests.swift in Sources */ = {isa = PBXBuildFile; fileRef = 5928D87229B90DD1002BFFB1 /* TestShopTests.swift */; };
		5928D87D29B90DD1002BFFB1 /* TestShopUITests.swift in Sources */ = {isa = PBXBuildFile; fileRef = 5928D87C29B90DD1002BFFB1 /* TestShopUITests.swift */; };
		5928D87F29B90DD1002BFFB1 /* TestShopUITestsLaunchTests.swift in Sources */ = {isa = PBXBuildFile; fileRef = 5928D87E29B90DD1002BFFB1 /* TestShopUITestsLaunchTests.swift */; };
/* End PBXBuildFile section */

/* Begin PBXContainerItemProxy section */
		5928D86F29B90DD1002BFFB1 /* PBXContainerItemProxy */ = {
			isa = PBXContainerItemProxy;
			containerPortal = 5928D85629B90DCE002BFFB1 /* Project object */;
			proxyType = 1;
			remoteGlobalIDString = 5928D85D29B90DCE002BFFB1;
			remoteInfo = TestShop;
		};
		5928D87929B90DD1002BFFB1 /* PBXContainerItemProxy */ = {
			isa = PBXContainerItemProxy;
			containerPortal = 5928D85629B90DCE002BFFB1 /* Project object */;
			proxyType = 1;
			remoteGlobalIDString = 5928D85D29B90DCE002BFFB1;
			remoteInfo = TestShop;
		};
/* End PBXContainerItemProxy section */

/* Begin PBXFileReference section */
		5928D85E29B90DCE002BFFB1 /* TestShop.app */ = {isa = PBXFileReference; explicitFileType = wrapper.application; includeInIndex = 0; path = TestShop.app; sourceTree = BUILT_PRODUCTS_DIR; };
		5928D86129B90DCE002BFFB1 /* TestShopApp.swift */ = {isa = PBXFileReference; lastKnownFileType = sourcecode.swift; path = TestShopApp.swift; sourceTree = "<group>"; };
		5928D86329B90DCE002BFFB1 /* ContentView.swift */ = {isa = PBXFileReference; lastKnownFileType = sourcecode.swift; path = ContentView.swift; sourceTree = "<group>"; };
		5928D86529B90DD1002BFFB1 /* Assets.xcassets */ = {isa = PBXFileReference; lastKnownFileType = folder.assetcatalog; path = Assets.xcassets; sourceTree = "<group>"; };
		5928D86829B90DD1002BFFB1 /* Preview Assets.xcassets */ = {isa = PBXFileReference; lastKnownFileType = folder.assetcatalog; path = "Preview Assets.xcassets"; sourceTree = "<group>"; };
		5928D86E29B90DD1002BFFB1 /* TestShopTests.xctest */ = {isa = PBXFileReference; explicitFileType = wrapper.cfbundle; includeInIndex = 0; path = TestShopTests.xctest; sourceTree = BUILT_PRODUCTS_DIR; };
		5928D87229B90DD1002BFFB1 /* TestShopTests.swift */ = {isa = PBXFileReference; lastKnownFileType = sourcecode.swift; path = TestShopTests.swift; sourceTree = "<group>"; };
		5928D87829B90DD1002BFFB1 /* TestShopUITests.xctest */ = {isa = PBXFileReference; explicitFileType = wrapper.cfbundle; includeInIndex = 0; path = TestShopUITests.xctest; sourceTree = BUILT_PRODUCTS_DIR; };
		5928D87C29B90DD1002BFFB1 /* TestShopUITests.swift */ = {isa = PBXFileReference; lastKnownFileType = sourcecode.swift; path = TestShopUITests.swift; sourceTree = "<group>"; };
		5928D87E29B90DD1002BFFB1 /* TestShopUITestsLaunchTests.swift */ = {isa = PBXFileReference; lastKnownFileType = sourcecode.swift; path = TestShopUITestsLaunchTests.swift; sourceTree = "<group>"; };
/* End PBXFileReference section */

/* Begin PBXFrameworksBuildPhase section */
		5928D85B29B90DCE002BFFB1 /* Frameworks */ = {
			isa = PBXFrameworksBuildPhase;
			buildActionMask = 2147483647;
			files = (
			);
			runOnlyForDeploymentPostprocessing = 0;
		};
		5928D86B29B90DD1002BFFB1 /* Frameworks */ = {
			isa = PBXFrameworksBuildPhase;
			buildActionMask = 2147483647;
			files = (
			);
			runOnlyForDeploymentPostprocessing = 0;
		};
		5928D87529B90DD1002BFFB1 /* Frameworks */ = {
			isa = PBXFrameworksBuildPhase;
			buildActionMask = 2147483647;
			files = (
			);
			runOnlyForDeploymentPostprocessing = 0;
		};
/* End PBXFrameworksBuildPhase section */

/* Begin PBXGroup section */
		5928D85529B90DCE002BFFB1 = {
			isa = PBXGroup;
			children = (
				5928D86029B90DCE002BFFB1 /* TestShop */,
				5928D87129B90DD1002BFFB1 /* TestShopTests */,
				5928D87B29B90DD1002BFFB1 /* TestShopUITests */,
				5928D85F29B90DCE002BFFB1 /* Products */,
			);
			sourceTree = "<group>";
		};
		5928D85F29B90DCE002BFFB1 /* Products */ = {
			isa = PBXGroup;
			children = (
				5928D85E29B90DCE002BFFB1 /* TestShop.app */,
				5928D86E29B90DD1002BFFB1 /* TestShopTests.xctest */,
				5928D87829B90DD1002BFFB1 /* TestShopUITests.xctest */,
			);
			name = Products;
			sourceTree = "<group>";
		};
		5928D86029B90DCE002BFFB1 /* TestShop */ = {
			isa = PBXGroup;
			children = (
				5928D86129B90DCE002BFFB1 /* TestShopApp.swift */,
				5928D86329B90DCE002BFFB1 /* ContentView.swift */,
				5928D86529B90DD1002BFFB1 /* Assets.xcassets */,
				5928D86729B90DD1002BFFB1 /* Preview Content */,
			);
			path = TestShop;
			sourceTree = "<group>";
		};
		5928D86729B90DD1002BFFB1 /* Preview Content */ = {
			isa = PBXGroup;
			children = (
				5928D86829B90DD1002BFFB1 /* Preview Assets.xcassets */,
			);
			path = "Preview Content";
			sourceTree = "<group>";
		};
		5928D87129B90DD1002BFFB1 /* TestShopTests */ = {
			isa = PBXGroup;
			children = (
				5928D87229B90DD1002BFFB1 /* TestShopTests.swift */,
			);
			path = TestShopTests;
			sourceTree = "<group>";
		};
		5928D87B29B90DD1002BFFB1 /* TestShopUITests */ = {
			isa = PBXGroup;
			children = (
				5928D87C29B90DD1002BFFB1 /* TestShopUITests.swift */,
				5928D87E29B90DD1002BFFB1 /* TestShopUITestsLaunchTests.swift */,
			);
			path = TestShopUITests;
			sourceTree = "<group>";
		};
/* End PBXGroup section */

/* Begin PBXNativeTarget section */
		5928D85D29B90DCE002BFFB1 /* TestShop */ = {
			isa = PBXNativeTarget;
			buildConfigurationList = 5928D88229B90DD1002BFFB1 /* Build configuration list for PBXNativeTarget "TestShop" */;
			buildPhases = (
				5928D85A29B90DCE002BFFB1 /* Sources */,
				5928D85B29B90DCE002BFFB1 /* Frameworks */,
				5928D85C29B90DCE002BFFB1 /* Resources */,
			);
			buildRules = (
			);
			dependencies = (
			);
			name = TestShop;
			productName = TestShop;
			productReference = 5928D85E29B90DCE002BFFB1 /* TestShop.app */;
			productType = "com.apple.product-type.application";
		};
		5928D86D29B90DD1002BFFB1 /* TestShopTests */ = {
			isa = PBXNativeTarget;
			buildConfigurationList = 5928D88529B90DD1002BFFB1 /* Build configuration list for PBXNativeTarget "TestShopTests" */;
			buildPhases = (
				5928D86A29B90DD1002BFFB1 /* Sources */,
				5928D86B29B90DD1002BFFB1 /* Frameworks */,
				5928D86C29B90DD1002BFFB1 /* Resources */,
			);
			buildRules = (
			);
			dependencies = (
				5928D87029B90DD1002BFFB1 /* PBXTargetDependency */,
			);
			name = TestShopTests;
			productName = TestShopTests;
			productReference = 5928D86E29B90DD1002BFFB1 /* TestShopTests.xctest */;
			productType = "com.apple.product-type.bundle.unit-test";
		};
		5928D87729B90DD1002BFFB1 /* TestShopUITests */ = {
			isa = PBXNativeTarget;
			buildConfigurationList = 5928D88829B90DD1002BFFB1 /* Build configuration list for PBXNativeTarget "TestShopUITests" */;
			buildPhases = (
				5928D87429B90DD1002BFFB1 /* Sources */,
				5928D87529B90DD1002BFFB1 /* Frameworks */,
				5928D87629B90DD1002BFFB1 /* Resources */,
			);
			buildRules = (
			);
			dependencies = (
				5928D87A29B90DD1002BFFB1 /* PBXTargetDependency */,
			);
			name = TestShopUITests;
			productName = TestShopUITests;
			productReference = 5928D87829B90DD1002BFFB1 /* TestShopUITests.xctest */;
			productType = "com.apple.product-type.bundle.ui-testing";
		};
/* End PBXNativeTarget section */

/* Begin PBXProject section */
		5928D85629B90DCE002BFFB1 /* Project object */ = {
			isa = PBXProject;
			attributes = {
				BuildIndependentTargetsInParallel = 1;
				LastSwiftUpdateCheck = 1420;
				LastUpgradeCheck = 1420;
				TargetAttributes = {
					5928D85D29B90DCE002BFFB1 = {
						CreatedOnToolsVersion = 14.2;
					};
					5928D86D29B90DD1002BFFB1 = {
						CreatedOnToolsVersion = 14.2;
						TestTargetID = 5928D85D29B90DCE002BFFB1;
					};
					5928D87729B90DD1002BFFB1 = {
						CreatedOnToolsVersion = 14.2;
						TestTargetID = 5928D85D29B90DCE002BFFB1;
					};
				};
			};
			buildConfigurationList = 5928D85929B90DCE002BFFB1 /* Build configuration list for PBXProject "TestShop" */;
			compatibilityVersion = "Xcode 14.0";
			developmentRegion = en;
			hasScannedForEncodings = 0;
			knownRegions = (
				en,
				Base,
			);
			mainGroup = 5928D85529B90DCE002BFFB1;
			productRefGroup = 5928D85F29B90DCE002BFFB1 /* Products */;
			projectDirPath = "";
			projectRoot = "";
			targets = (
				5928D85D29B90DCE002BFFB1 /* TestShop */,
				5928D86D29B90DD1002BFFB1 /* TestShopTests */,
				5928D87729B90DD1002BFFB1 /* TestShopUITests */,
			);
		};
/* End PBXProject section */

/* Begin PBXResourcesBuildPhase section */
		5928D85C29B90DCE002BFFB1 /* Resources */ = {
			isa = PBXResourcesBuildPhase;
			buildActionMask = 2147483647;
			files = (
				5928D86929B90DD1002BFFB1 /* Preview Assets.xcassets in Resources */,
				5928D86629B90DD1002BFFB1 /* Assets.xcassets in Resources */,
			);
			runOnlyForDeploymentPostprocessing = 0;
		};
		5928D86C29B90DD1002BFFB1 /* Resources */ = {
			isa = PBXResourcesBuildPhase;
			buildActionMask = 2147483647;
			files = (
			);
			runOnlyForDeploymentPostprocessing = 0;
		};
		5928D87629B90DD1002BFFB1 /* Resources */ = {
			isa = PBXResourcesBuildPhase;
			buildActionMask = 2147483647;
			files = (
			);
			runOnlyForDeploymentPostprocessing = 0;
		};
/* End PBXResourcesBuildPhase section */

/* Begin PBXSourcesBuildPhase section */
		5928D85A29B90DCE002BFFB1 /* Sources */ = {
			isa = PBXSourcesBuildPhase;
			buildActionMask = 2147483647;
			files = (
				5928D86429B90DCE002BFFB1 /* ContentView.swift in Sources */,
				5928D86229B90DCE002BFFB1 /* TestShopApp.swift in Sources */,
			);
			runOnlyForDeploymentPostprocessing = 0;
		};
		5928D86A29B90DD1002BFFB1 /* Sources */ = {
			isa = PBXSourcesBuildPhase;
			buildActionMask = 2147483647;
			files = (
				5928D87329B90DD1002BFFB1 /* TestShopTests.swift in Sources */,
			);
			runOnlyForDeploymentPostprocessing = 0;
		};
		5928D87429B90DD1002BFFB1 /* Sources */ = {
			isa = PBXSourcesBuildPhase;
			buildActionMask = 2147483647;
			files = (
				5928D87F29B90DD1002BFFB1 /* TestShopUITestsLaunchTests.swift in Sources */,
				5928D87D29B90DD1002BFFB1 /* TestShopUITests.swift in Sources */,
			);
			runOnlyForDeploymentPostprocessing = 0;
		};
/* End PBXSourcesBuildPhase section */

/* Begin PBXTargetDependency section */
		5928D87029B90DD1002BFFB1 /* PBXTargetDependency */ = {
			isa = PBXTargetDependency;
			target = 5928D85D29B90DCE002BFFB1 /* TestShop */;
			targetProxy = 5928D86F29B90DD1002BFFB1 /* PBXContainerItemProxy */;
		};
		5928D87A29B90DD1002BFFB1 /* PBXTargetDependency */ = {
			isa = PBXTargetDependency;
			target = 5928D85D29B90DCE002BFFB1 /* TestShop */;
			targetProxy = 5928D87929B90DD1002BFFB1 /* PBXContainerItemProxy */;
		};
/* End PBXTargetDependency section */

/* Begin XCBuildConfiguration section */
		5928D88029B90DD1002BFFB1 /* Debug */ = {
			isa = XCBuildConfiguration;
			buildSettings = {
				ALWAYS_SEARCH_USER_PATHS = NO;
				CLANG_ANALYZER_NONNULL = YES;
				CLANG_ANALYZER_NUMBER_OBJECT_CONVERSION = YES_AGGRESSIVE;
				CLANG_CXX_LANGUAGE_STANDARD = "gnu++20";
				CLANG_ENABLE_MODULES = YES;
				CLANG_ENABLE_OBJC_ARC = YES;
				CLANG_ENABLE_OBJC_WEAK = YES;
				CLANG_WARN_BLOCK_CAPTURE_AUTORELEASING = YES;
				CLANG_WARN_BOOL_CONVERSION = YES;
				CLANG_WARN_COMMA = YES;
				CLANG_WARN_CONSTANT_CONVERSION = YES;
				CLANG_WARN_DEPRECATED_OBJC_IMPLEMENTATIONS = YES;
				CLANG_WARN_DIRECT_OBJC_ISA_USAGE = YES_ERROR;
				CLANG_WARN_DOCUMENTATION_COMMENTS = YES;
				CLANG_WARN_EMPTY_BODY = YES;
				CLANG_WARN_ENUM_CONVERSION = YES;
				CLANG_WARN_INFINITE_RECURSION = YES;
				CLANG_WARN_INT_CONVERSION = YES;
				CLANG_WARN_NON_LITERAL_NULL_CONVERSION = YES;
				CLANG_WARN_OBJC_IMPLICIT_RETAIN_SELF = YES;
				CLANG_WARN_OBJC_LITERAL_CONVERSION = YES;
				CLANG_WARN_OBJC_ROOT_CLASS = YES_ERROR;
				CLANG_WARN_QUOTED_INCLUDE_IN_FRAMEWORK_HEADER = YES;
				CLANG_WARN_RANGE_LOOP_ANALYSIS = YES;
				CLANG_WARN_STRICT_PROTOTYPES = YES;
				CLANG_WARN_SUSPICIOUS_MOVE = YES;
				CLANG_WARN_UNGUARDED_AVAILABILITY = YES_AGGRESSIVE;
				CLANG_WARN_UNREACHABLE_CODE = YES;
				CLANG_WARN__DUPLICATE_METHOD_MATCH = YES;
				COPY_PHASE_STRIP = NO;
				DEBUG_INFORMATION_FORMAT = dwarf;
				ENABLE_STRICT_OBJC_MSGSEND = YES;
				ENABLE_TESTABILITY = YES;
				GCC_C_LANGUAGE_STANDARD = gnu11;
				GCC_DYNAMIC_NO_PIC = NO;
				GCC_NO_COMMON_BLOCKS = YES;
				GCC_OPTIMIZATION_LEVEL = 0;
				GCC_PREPROCESSOR_DEFINITIONS = (
					"DEBUG=1",
					"$(inherited)",
				);
				GCC_WARN_64_TO_32_BIT_CONVERSION = YES;
				GCC_WARN_ABOUT_RETURN_TYPE = YES_ERROR;
				GCC_WARN_UNDECLARED_SELECTOR = YES;
				GCC_WARN_UNINITIALIZED_AUTOS = YES_AGGRESSIVE;
				GCC_WARN_UNUSED_FUNCTION = YES;
				GCC_WARN_UNUSED_VARIABLE = YES;
				IPHONEOS_DEPLOYMENT_TARGET = 16.2;
				MTL_ENABLE_DEBUG_INFO = INCLUDE_SOURCE;
				MTL_FAST_MATH = YES;
				ONLY_ACTIVE_ARCH = YES;
				SDKROOT = iphoneos;
				SWIFT_ACTIVE_COMPILATION_CONDITIONS = DEBUG;
				SWIFT_OPTIMIZATION_LEVEL = "-Onone";
			};
			name = Debug;
		};
		5928D88129B90DD1002BFFB1 /* Release */ = {
			isa = XCBuildConfiguration;
			buildSettings = {
				ALWAYS_SEARCH_USER_PATHS = NO;
				CLANG_ANALYZER_NONNULL = YES;
				CLANG_ANALYZER_NUMBER_OBJECT_CONVERSION = YES_AGGRESSIVE;
				CLANG_CXX_LANGUAGE_STANDARD = "gnu++20";
				CLANG_ENABLE_MODULES = YES;
				CLANG_ENABLE_OBJC_ARC = YES;
				CLANG_ENABLE_OBJC_WEAK = YES;
				CLANG_WARN_BLOCK_CAPTURE_AUTORELEASING = YES;
				CLANG_WARN_BOOL_CONVERSION = YES;
				CLANG_WARN_COMMA = YES;
				CLANG_WARN_CONSTANT_CONVERSION = YES;
				CLANG_WARN_DEPRECATED_OBJC_IMPLEMENTATIONS = YES;
				CLANG_WARN_DIRECT_OBJC_ISA_USAGE = YES_ERROR;
				CLANG_WARN_DOCUMENTATION_COMMENTS = YES;
				CLANG_WARN_EMPTY_BODY = YES;
				CLANG_WARN_ENUM_CONVERSION = YES;
				CLANG_WARN_INFINITE_RECURSION = YES;
				CLANG_WARN_INT_CONVERSION = YES;
				CLANG_WARN_NON_LITERAL_NULL_CONVERSION = YES;
				CLANG_WARN_OBJC_IMPLICIT_RETAIN_SELF = YES;
				CLANG_WARN_OBJC_LITERAL_CONVERSION = YES;
				CLANG_WARN_OBJC_ROOT_CLASS = YES_ERROR;
				CLANG_WARN_QUOTED_INCLUDE_IN_FRAMEWORK_HEADER = YES;
				CLANG_WARN_RANGE_LOOP_ANALYSIS = YES;
				CLANG_WARN_STRICT_PROTOTYPES = YES;
				CLANG_WARN_SUSPICIOUS_MOVE = YES;
				CLANG_WARN_UNGUARDED_AVAILABILITY = YES_AGGRESSIVE;
				CLANG_WARN_UNREACHABLE_CODE = YES;
				CLANG_WARN__DUPLICATE_METHOD_MATCH = YES;
				COPY_PHASE_STRIP = NO;
				DEBUG_INFORMATION_FORMAT = "dwarf-with-dsym";
				ENABLE_NS_ASSERTIONS = NO;
				ENABLE_STRICT_OBJC_MSGSEND = YES;
				GCC_C_LANGUAGE_STANDARD = gnu11;
				GCC_NO_COMMON_BLOCKS = YES;
				GCC_WARN_64_TO_32_BIT_CONVERSION = YES;
				GCC_WARN_ABOUT_RETURN_TYPE = YES_ERROR;
				GCC_WARN_UNDECLARED_SELECTOR = YES;
				GCC_WARN_UNINITIALIZED_AUTOS = YES_AGGRESSIVE;
				GCC_WARN_UNUSED_FUNCTION = YES;
				GCC_WARN_UNUSED_VARIABLE = YES;
				IPHONEOS_DEPLOYMENT_TARGET = 16.2;
				MTL_ENABLE_DEBUG_INFO = NO;
				MTL_FAST_MATH = YES;
				SDKROOT = iphoneos;
				SWIFT_COMPILATION_MODE = wholemodule;
				SWIFT_OPTIMIZATION_LEVEL = "-O";
				VALIDATE_PRODUCT = YES;
			};
			name = Release;
		};
		5928D88329B90DD1002BFFB1 /* Debug */ = {
			isa = XCBuildConfiguration;
			buildSettings = {
				ASSETCATALOG_COMPILER_APPICON_NAME = AppIcon;
				ASSETCATALOG_COMPILER_GLOBAL_ACCENT_COLOR_NAME = AccentColor;
				CODE_SIGN_STYLE = Automatic;
				CURRENT_PROJECT_VERSION = 1;
				DEVELOPMENT_ASSET_PATHS = "\"TestShop/Preview Content\"";
				DEVELOPMENT_TEAM = 8Q8855SSVY;
				ENABLE_PREVIEWS = YES;
				GENERATE_INFOPLIST_FILE = YES;
				INFOPLIST_KEY_UIApplicationSceneManifest_Generation = YES;
				INFOPLIST_KEY_UIApplicationSupportsIndirectInputEvents = YES;
				INFOPLIST_KEY_UILaunchScreen_Generation = YES;
				INFOPLIST_KEY_UISupportedInterfaceOrientations_iPad = "UIInterfaceOrientationPortrait UIInterfaceOrientationPortraitUpsideDown UIInterfaceOrientationLandscapeLeft UIInterfaceOrientationLandscapeRight";
				INFOPLIST_KEY_UISupportedInterfaceOrientations_iPhone = "UIInterfaceOrientationPortrait UIInterfaceOrientationLandscapeLeft UIInterfaceOrientationLandscapeRight";
				LD_RUNPATH_SEARCH_PATHS = (
					"$(inherited)",
					"@executable_path/Frameworks",
				);
				MARKETING_VERSION = 1.0;
				PRODUCT_BUNDLE_IDENTIFIER = com.ikurlovich.TestShop;
				PRODUCT_NAME = "$(TARGET_NAME)";
				SWIFT_EMIT_LOC_STRINGS = YES;
				SWIFT_VERSION = 5.0;
				TARGETED_DEVICE_FAMILY = "1,2";
			};
			name = Debug;
		};
		5928D88429B90DD1002BFFB1 /* Release */ = {
			isa = XCBuildConfiguration;
			buildSettings = {
				ASSETCATALOG_COMPILER_APPICON_NAME = AppIcon;
				ASSETCATALOG_COMPILER_GLOBAL_ACCENT_COLOR_NAME = AccentColor;
				CODE_SIGN_STYLE = Automatic;
				CURRENT_PROJECT_VERSION = 1;
				DEVELOPMENT_ASSET_PATHS = "\"TestShop/Preview Content\"";
				DEVELOPMENT_TEAM = 8Q8855SSVY;
				ENABLE_PREVIEWS = YES;
				GENERATE_INFOPLIST_FILE = YES;
				INFOPLIST_KEY_UIApplicationSceneManifest_Generation = YES;
				INFOPLIST_KEY_UIApplicationSupportsIndirectInputEvents = YES;
				INFOPLIST_KEY_UILaunchScreen_Generation = YES;
				INFOPLIST_KEY_UISupportedInterfaceOrientations_iPad = "UIInterfaceOrientationPortrait UIInterfaceOrientationPortraitUpsideDown UIInterfaceOrientationLandscapeLeft UIInterfaceOrientationLandscapeRight";
				INFOPLIST_KEY_UISupportedInterfaceOrientations_iPhone = "UIInterfaceOrientationPortrait UIInterfaceOrientationLandscapeLeft UIInterfaceOrientationLandscapeRight";
				LD_RUNPATH_SEARCH_PATHS = (
					"$(inherited)",
					"@executable_path/Frameworks",
				);
				MARKETING_VERSION = 1.0;
				PRODUCT_BUNDLE_IDENTIFIER = com.ikurlovich.TestShop;
				PRODUCT_NAME = "$(TARGET_NAME)";
				SWIFT_EMIT_LOC_STRINGS = YES;
				SWIFT_VERSION = 5.0;
				TARGETED_DEVICE_FAMILY = "1,2";
			};
			name = Release;
		};
		5928D88629B90DD1002BFFB1 /* Debug */ = {
			isa = XCBuildConfiguration;
			buildSettings = {
				ALWAYS_EMBED_SWIFT_STANDARD_LIBRARIES = YES;
				BUNDLE_LOADER = "$(TEST_HOST)";
				CODE_SIGN_STYLE = Automatic;
				CURRENT_PROJECT_VERSION = 1;
				DEVELOPMENT_TEAM = 8Q8855SSVY;
				GENERATE_INFOPLIST_FILE = YES;
				IPHONEOS_DEPLOYMENT_TARGET = 16.2;
				MARKETING_VERSION = 1.0;
				PRODUCT_BUNDLE_IDENTIFIER = com.ikurlovich.TestShopTests;
				PRODUCT_NAME = "$(TARGET_NAME)";
				SWIFT_EMIT_LOC_STRINGS = NO;
				SWIFT_VERSION = 5.0;
				TARGETED_DEVICE_FAMILY = "1,2";
				TEST_HOST = "$(BUILT_PRODUCTS_DIR)/TestShop.app/$(BUNDLE_EXECUTABLE_FOLDER_PATH)/TestShop";
			};
			name = Debug;
		};
		5928D88729B90DD1002BFFB1 /* Release */ = {
			isa = XCBuildConfiguration;
			buildSettings = {
				ALWAYS_EMBED_SWIFT_STANDARD_LIBRARIES = YES;
				BUNDLE_LOADER = "$(TEST_HOST)";
				CODE_SIGN_STYLE = Automatic;
				CURRENT_PROJECT_VERSION = 1;
				DEVELOPMENT_TEAM = 8Q8855SSVY;
				GENERATE_INFOPLIST_FILE = YES;
				IPHONEOS_DEPLOYMENT_TARGET = 16.2;
				MARKETING_VERSION = 1.0;
				PRODUCT_BUNDLE_IDENTIFIER = com.ikurlovich.TestShopTests;
				PRODUCT_NAME = "$(TARGET_NAME)";
				SWIFT_EMIT_LOC_STRINGS = NO;
				SWIFT_VERSION = 5.0;
				TARGETED_DEVICE_FAMILY = "1,2";
				TEST_HOST = "$(BUILT_PRODUCTS_DIR)/TestShop.app/$(BUNDLE_EXECUTABLE_FOLDER_PATH)/TestShop";
			};
			name = Release;
		};
		5928D88929B90DD1002BFFB1 /* Debug */ = {
			isa = XCBuildConfiguration;
			buildSettings = {
				ALWAYS_EMBED_SWIFT_STANDARD_LIBRARIES = YES;
				CODE_SIGN_STYLE = Automatic;
				CURRENT_PROJECT_VERSION = 1;
				DEVELOPMENT_TEAM = 8Q8855SSVY;
				GENERATE_INFOPLIST_FILE = YES;
				MARKETING_VERSION = 1.0;
				PRODUCT_BUNDLE_IDENTIFIER = com.ikurlovich.TestShopUITests;
				PRODUCT_NAME = "$(TARGET_NAME)";
				SWIFT_EMIT_LOC_STRINGS = NO;
				SWIFT_VERSION = 5.0;
				TARGETED_DEVICE_FAMILY = "1,2";
				TEST_TARGET_NAME = TestShop;
			};
			name = Debug;
		};
		5928D88A29B90DD1002BFFB1 /* Release */ = {
			isa = XCBuildConfiguration;
			buildSettings = {
				ALWAYS_EMBED_SWIFT_STANDARD_LIBRARIES = YES;
				CODE_SIGN_STYLE = Automatic;
				CURRENT_PROJECT_VERSION = 1;
				DEVELOPMENT_TEAM = 8Q8855SSVY;
				GENERATE_INFOPLIST_FILE = YES;
				MARKETING_VERSION = 1.0;
				PRODUCT_BUNDLE_IDENTIFIER = com.ikurlovich.TestShopUITests;
				PRODUCT_NAME = "$(TARGET_NAME)";
				SWIFT_EMIT_LOC_STRINGS = NO;
				SWIFT_VERSION = 5.0;
				TARGETED_DEVICE_FAMILY = "1,2";
				TEST_TARGET_NAME = TestShop;
			};
			name = Release;
		};
/* End XCBuildConfiguration section */

/* Begin XCConfigurationList section */
		5928D85929B90DCE002BFFB1 /* Build configuration list for PBXProject "TestShop" */ = {
			isa = XCConfigurationList;
			buildConfigurations = (
				5928D88029B90DD1002BFFB1 /* Debug */,
				5928D88129B90DD1002BFFB1 /* Release */,
			);
			defaultConfigurationIsVisible = 0;
			defaultConfigurationName = Release;
		};
		5928D88229B90DD1002BFFB1 /* Build configuration list for PBXNativeTarget "TestShop" */ = {
			isa = XCConfigurationList;
			buildConfigurations = (
				5928D88329B90DD1002BFFB1 /* Debug */,
				5928D88429B90DD1002BFFB1 /* Release */,
			);
			defaultConfigurationIsVisible = 0;
			defaultConfigurationName = Release;
		};
		5928D88529B90DD1002BFFB1 /* Build configuration list for PBXNativeTarget "TestShopTests" */ = {
			isa = XCConfigurationList;
			buildConfigurations = (
				5928D88629B90DD1002BFFB1 /* Debug */,
				5928D88729B90DD1002BFFB1 /* Release */,
			);
			defaultConfigurationIsVisible = 0;
			defaultConfigurationName = Release;
		};
		5928D88829B90DD1002BFFB1 /* Build configuration list for PBXNativeTarget "TestShopUITests" */ = {
			isa = XCConfigurationList;
			buildConfigurations = (
				5928D88929B90DD1002BFFB1 /* Debug */,
				5928D88A29B90DD1002BFFB1 /* Release */,
			);
			defaultConfigurationIsVisible = 0;
			defaultConfigurationName = Release;
		};
/* End XCConfigurationList section */
	};
	rootObject = 5928D85629B90DCE002BFFB1 /* Project object */;
}
